<Solution>
  <Project Path="ADOPM3_02_15\ADOPM3_02_15.csproj" />
  <Project Path="ADOPM3_02_16\ADOPM3_02_16.csproj" />
  <Project Path="ADOPM3_02_17\ADOPM3_02_17.csproj" />
  <Project Path="ADOPM3_02_18\ADOPM3_02_18.csproj" />
  <Project Path="ADOPM2_02_18a\ADOPM3_02_18a.csproj" />
  <Project Path="ADOPM3_02_19\ADOPM3_02_19.csproj" />
  <Project Path="ADOPM3_02_20\ADOPM3_02_20.csproj" />
  <Project Path="ADOPM3_02_21\ADOPM3_02_21.csproj" />
</Solution>
